{
  "originHash" : "a36eb17ef2ffa118fb85fa28c622c4915c99c6751dbdf9381717e2e8fefae0ac",
  "pins" : [
    {
      "identity" : "dotlottie-ios",
      "kind" : "remoteSourceControl",
      "location" : "https://github.com/LottieFiles/dotlottie-ios",
      "state" : {
        "branch" : "main",
        "revision" : "f88d32df0e24b5dcefca052d0ea3ba0062e910bc"
      }
    },
    {
      "identity" : "lottie-spm",
      "kind" : "remoteSourceControl",
      "location" : "https://github.com/airbnb/lottie-spm.git",
      "state" : {
        "revision" : "04f2fd18cc9404a0a0917265a449002674f24ec9",
        "version" : "4.5.2"
      }
    },
    {
      "identity" : "sdwebimage",
      "kind" : "remoteSourceControl",
      "location" : "https://github.com/SDWebImage/SDWebImage.git",
      "state" : {
        "revision" : "2053b120767c42a70bcba21095f34e4cfb54a75d",
        "version" : "5.21.3"
      }
    },
    {
      "identity" : "sdwebimageswiftui",
      "kind" : "remoteSourceControl",
      "location" : "https://github.com/SDWebImage/SDWebImageSwiftUI",
      "state" : {
        "revision" : "0e331457ca9af2f0b08bcaa138a91ffb907b004f",
        "version" : "3.1.4"
      }
    }
  ],
  "version" : 3
}
